# Resolved on Python 3.12; includes development tools.
Mako==1.4.3
MarkupSafe==3.0.3
PyYAML==6.0.2
Pygments==2.21.0
SQLAlchemy==2.0.43
alembic==1.16.5
annotated-types==0.8.0
anyio==4.15.1
black==25.1.0
certifi==2026.7.22
cfgv==3.5.0
click==8.5.0
coverage==7.16.1
distlib==0.4.3
exchange_calendars==4.13.2
fastapi==0.116.1
filelock==4.0.1
greenlet==3.2.4
h11==0.16.0
httpcore==1.0.9
httpx==0.28.1
identify==2.6.19
idna==3.20
iniconfig==2.3.0
korean_lunar_calendar==0.4.0
mypy==1.17.1
mypy_extensions==1.1.0
nodeenv==1.10.0
numpy==2.5.3
packaging==26.3
pandas==3.0.6
pandas_market_calendars==5.4.0
pathspec==1.1.1
platformdirs==4.11.12
pluggy==1.6.0
pre_commit==4.3.0
psycopg-binary==3.2.9
psycopg==3.2.9
pydantic-settings==2.10.1
pydantic==2.11.7
pydantic_core==2.33.2
pyluach==2.3.0
pytest-cov==6.2.1
pytest==8.4.1
python-dateutil==2.9.0.post0
python-discovery==1.6.1
python-dotenv==1.2.3
ruff==0.12.11
setuptools==80.9.0
six==1.17.0
starlette==0.47.3
toolz==1.1.0
types-PyYAML==6.0.12.20250822
typing-inspection==0.4.4
typing_extensions==4.16.0
tzdata==2026.4
uvicorn==0.35.0
virtualenv==21.11.0
